// !$*UTF8*$!
{
	archiveVersion = 1;
	classes = {
	};
	objectVersion = 56;
	objects = {

/* Begin PBXBuildFile section */
		E068AB232AF669CC000A9458 /* AudioRecorder.swift in Sources */ = {isa = PBXBuildFile; fileRef = E068AB222AF669CC000A9458 /* AudioRecorder.swift */; };
		E068AB262AF6774B000A9458 /* SpeedValueSliderView.swift in Sources */ = {isa = PBXBuildFile; fileRef = E068AB252AF6774B000A9458 /* SpeedValueSliderView.swift */; };
		E068AB292AF69626000A9458 /* UIView+Extensions.swift in Sources */ = {isa = PBXBuildFile; fileRef = E068AB282AF69626000A9458 /* UIView+Extensions.swift */; };
		E068AB2B2AF6DE89000A9458 /* SoundValueSliderView.swift in Sources */ = {isa = PBXBuildFile; fileRef = E068AB2A2AF6DE89000A9458 /* SoundValueSliderView.swift */; };
		E0744A652AF1760600007455 /* AppDelegate.swift in Sources */ = {isa = PBXBuildFile; fileRef = E0744A642AF1760600007455 /* AppDelegate.swift */; };
		E0744A672AF1760600007455 /* SceneDelegate.swift in Sources */ = {isa = PBXBuildFile; fileRef = E0744A662AF1760600007455 /* SceneDelegate.swift */; };
		E0744A692AF1760600007455 /* ViewController.swift in Sources */ = {isa = PBXBuildFile; fileRef = E0744A682AF1760600007455 /* ViewController.swift */; };
		E0744A6E2AF1760800007455 /* Assets.xcassets in Resources */ = {isa = PBXBuildFile; fileRef = E0744A6D2AF1760800007455 /* Assets.xcassets */; };
		E0744A712AF1760800007455 /* LaunchScreen.storyboard in Resources */ = {isa = PBXBuildFile; fileRef = E0744A6F2AF1760800007455 /* LaunchScreen.storyboard */; };
		E0744A7E2AF20EDA00007455 /* SnapKit in Frameworks */ = {isa = PBXBuildFile; productRef = E0744A7D2AF20EDA00007455 /* SnapKit */; };
		E0FDB2232AF798DF0046CC73 /* GradientView.swift in Sources */ = {isa = PBXBuildFile; fileRef = E0FDB2222AF798DF0046CC73 /* GradientView.swift */; };
		E0FDB2262AF799200046CC73 /* AudioPlayer.swift in Sources */ = {isa = PBXBuildFile; fileRef = E0FDB2252AF799200046CC73 /* AudioPlayer.swift */; };
		E0FDB2282AF79D420046CC73 /* AudioSettingsView.swift in Sources */ = {isa = PBXBuildFile; fileRef = E0FDB2272AF79D420046CC73 /* AudioSettingsView.swift */; };
		E0FDB22A2AF7A38A0046CC73 /* SettingButton.swift in Sources */ = {isa = PBXBuildFile; fileRef = E0FDB2292AF7A38A0046CC73 /* SettingButton.swift */; };
		E0FDB22C2AF7AEBB0046CC73 /* LayersButton.swift in Sources */ = {isa = PBXBuildFile; fileRef = E0FDB22B2AF7AEBB0046CC73 /* LayersButton.swift */; };
		E0FDB22E2AF7C6390046CC73 /* InstrumentsPickerView.swift in Sources */ = {isa = PBXBuildFile; fileRef = E0FDB22D2AF7C6390046CC73 /* InstrumentsPickerView.swift */; };
		E0FDB2332AF7C6BA0046CC73 /* InstrumentButton.swift in Sources */ = {isa = PBXBuildFile; fileRef = E0FDB2322AF7C6BA0046CC73 /* InstrumentButton.swift */; };
		E0FDB2362AF7D5DD0046CC73 /* LayerListViewController.swift in Sources */ = {isa = PBXBuildFile; fileRef = E0FDB2352AF7D5DD0046CC73 /* LayerListViewController.swift */; };
		E0FDB2382AF7E7E30046CC73 /* TrackCollectionViewCell.swift in Sources */ = {isa = PBXBuildFile; fileRef = E0FDB2372AF7E7E30046CC73 /* TrackCollectionViewCell.swift */; };
		E0FDB23A2AF80BB50046CC73 /* guitar.wav in Resources */ = {isa = PBXBuildFile; fileRef = E0FDB2392AF80BB50046CC73 /* guitar.wav */; };
		E0FDB23C2AF80BD20046CC73 /* bass.wav in Resources */ = {isa = PBXBuildFile; fileRef = E0FDB23B2AF80BD20046CC73 /* bass.wav */; };
		E0FDB23E2AF80C2D0046CC73 /* wind.wav in Resources */ = {isa = PBXBuildFile; fileRef = E0FDB23D2AF80C2D0046CC73 /* wind.wav */; };
/* End PBXBuildFile section */

/* Begin PBXFileReference section */
		E068AB222AF669CC000A9458 /* AudioRecorder.swift */ = {isa = PBXFileReference; lastKnownFileType = sourcecode.swift; path = AudioRecorder.swift; sourceTree = "<group>"; };
		E068AB252AF6774B000A9458 /* SpeedValueSliderView.swift */ = {isa = PBXFileReference; lastKnownFileType = sourcecode.swift; path = SpeedValueSliderView.swift; sourceTree = "<group>"; };
		E068AB282AF69626000A9458 /* UIView+Extensions.swift */ = {isa = PBXFileReference; lastKnownFileType = sourcecode.swift; path = "UIView+Extensions.swift"; sourceTree = "<group>"; };
		E068AB2A2AF6DE89000A9458 /* SoundValueSliderView.swift */ = {isa = PBXFileReference; lastKnownFileType = sourcecode.swift; path = SoundValueSliderView.swift; sourceTree = "<group>"; };
		E0744A612AF1760600007455 /* MusicApp.app */ = {isa = PBXFileReference; explicitFileType = wrapper.application; includeInIndex = 0; path = MusicApp.app; sourceTree = BUILT_PRODUCTS_DIR; };
		E0744A642AF1760600007455 /* AppDelegate.swift */ = {isa = PBXFileReference; lastKnownFileType = sourcecode.swift; path = AppDelegate.swift; sourceTree = "<group>"; };
		E0744A662AF1760600007455 /* SceneDelegate.swift */ = {isa = PBXFileReference; lastKnownFileType = sourcecode.swift; path = SceneDelegate.swift; sourceTree = "<group>"; };
		E0744A682AF1760600007455 /* ViewController.swift */ = {isa = PBXFileReference; lastKnownFileType = sourcecode.swift; path = ViewController.swift; sourceTree = "<group>"; };
		E0744A6D2AF1760800007455 /* Assets.xcassets */ = {isa = PBXFileReference; lastKnownFileType = folder.assetcatalog; path = Assets.xcassets; sourceTree = "<group>"; };
		E0744A702AF1760800007455 /* Base */ = {isa = PBXFileReference; lastKnownFileType = file.storyboard; name = Base; path = Base.lproj/LaunchScreen.storyboard; sourceTree = "<group>"; };
		E0744A722AF1760800007455 /* Info.plist */ = {isa = PBXFileReference; lastKnownFileType = text.plist.xml; path = Info.plist; sourceTree = "<group>"; };
		E0FDB2222AF798DF0046CC73 /* GradientView.swift */ = {isa = PBXFileReference; lastKnownFileType = sourcecode.swift; path = GradientView.swift; sourceTree = "<group>"; };
		E0FDB2252AF799200046CC73 /* AudioPlayer.swift */ = {isa = PBXFileReference; lastKnownFileType = sourcecode.swift; path = AudioPlayer.swift; sourceTree = "<group>"; };
		E0FDB2272AF79D420046CC73 /* AudioSettingsView.swift */ = {isa = PBXFileReference; lastKnownFileType = sourcecode.swift; path = AudioSettingsView.swift; sourceTree = "<group>"; };
		E0FDB2292AF7A38A0046CC73 /* SettingButton.swift */ = {isa = PBXFileReference; lastKnownFileType = sourcecode.swift; path = SettingButton.swift; sourceTree = "<group>"; };
		E0FDB22B2AF7AEBB0046CC73 /* LayersButton.swift */ = {isa = PBXFileReference; lastKnownFileType = sourcecode.swift; path = LayersButton.swift; sourceTree = "<group>"; };
		E0FDB22D2AF7C6390046CC73 /* InstrumentsPickerView.swift */ = {isa = PBXFileReference; lastKnownFileType = sourcecode.swift; path = InstrumentsPickerView.swift; sourceTree = "<group>"; };
		E0FDB2322AF7C6BA0046CC73 /* InstrumentButton.swift */ = {isa = PBXFileReference; lastKnownFileType = sourcecode.swift; path = InstrumentButton.swift; sourceTree = "<group>"; };
		E0FDB2352AF7D5DD0046CC73 /* LayerListViewController.swift */ = {isa = PBXFileReference; lastKnownFileType = sourcecode.swift; path = LayerListViewController.swift; sourceTree = "<group>"; };
		E0FDB2372AF7E7E30046CC73 /* TrackCollectionViewCell.swift */ = {isa = PBXFileReference; lastKnownFileType = sourcecode.swift; path = TrackCollectionViewCell.swift; sourceTree = "<group>"; };
		E0FDB2392AF80BB50046CC73 /* guitar.wav */ = {isa = PBXFileReference; lastKnownFileType = audio.wav; path = guitar.wav; sourceTree = "<group>"; };
		E0FDB23B2AF80BD20046CC73 /* bass.wav */ = {isa = PBXFileReference; lastKnownFileType = audio.wav; path = bass.wav; sourceTree = "<group>"; };
		E0FDB23D2AF80C2D0046CC73 /* wind.wav */ = {isa = PBXFileReference; lastKnownFileType = audio.wav; path = wind.wav; sourceTree = "<group>"; };
/* End PBXFileReference section */

/* Begin PBXFrameworksBuildPhase section */
		E0744A5E2AF1760600007455 /* Frameworks */ = {
			isa = PBXFrameworksBuildPhase;
			buildActionMask = 2147483647;
			files = (
				E0744A7E2AF20EDA00007455 /* SnapKit in Frameworks */,
			);
			runOnlyForDeploymentPostprocessing = 0;
		};
/* End PBXFrameworksBuildPhase section */

/* Begin PBXGroup section */
		E068AB212AF669B3000A9458 /* Recorder */ = {
			isa = PBXGroup;
			children = (
				E068AB222AF669CC000A9458 /* AudioRecorder.swift */,
			);
			name = Recorder;
			sourceTree = "<group>";
		};
		E068AB242AF67745000A9458 /* Views */ = {
			isa = PBXGroup;
			children = (
				E0FDB2342AF7D5D50046CC73 /* Layers */,
				E0FDB22F2AF7C64C0046CC73 /* GradientView */,
				E0FDB2302AF7C65C0046CC73 /* AudioSettingsView */,
				E0FDB2312AF7C6690046CC73 /* InstrumentsPickerView */,
			);
			name = Views;
			sourceTree = "<group>";
		};
		E068AB272AF69618000A9458 /* Helpers */ = {
			isa = PBXGroup;
			children = (
				E068AB282AF69626000A9458 /* UIView+Extensions.swift */,
			);
			name = Helpers;
			sourceTree = "<group>";
		};
		E0744A582AF1760500007455 = {
			isa = PBXGroup;
			children = (
				E0744A632AF1760600007455 /* MusicApp */,
				E0744A622AF1760600007455 /* Products */,
			);
			sourceTree = "<group>";
		};
		E0744A622AF1760600007455 /* Products */ = {
			isa = PBXGroup;
			children = (
				E0744A612AF1760600007455 /* MusicApp.app */,
			);
			name = Products;
			sourceTree = "<group>";
		};
		E0744A632AF1760600007455 /* MusicApp */ = {
			isa = PBXGroup;
			children = (
				E0FDB2242AF7991A0046CC73 /* Player */,
				E068AB272AF69618000A9458 /* Helpers */,
				E068AB242AF67745000A9458 /* Views */,
				E068AB212AF669B3000A9458 /* Recorder */,
				E0744A792AF17AD800007455 /* Other */,
				E0744A782AF17AC500007455 /* Application */,
				E0744A682AF1760600007455 /* ViewController.swift */,
				E0744A722AF1760800007455 /* Info.plist */,
			);
			path = MusicApp;
			sourceTree = "<group>";
		};
		E0744A782AF17AC500007455 /* Application */ = {
			isa = PBXGroup;
			children = (
				E0744A642AF1760600007455 /* AppDelegate.swift */,
				E0744A662AF1760600007455 /* SceneDelegate.swift */,
			);
			name = Application;
			sourceTree = "<group>";
		};
		E0744A792AF17AD800007455 /* Other */ = {
			isa = PBXGroup;
			children = (
				E0744A852AF2115200007455 /* Sounds */,
				E0744A6F2AF1760800007455 /* LaunchScreen.storyboard */,
				E0744A6D2AF1760800007455 /* Assets.xcassets */,
			);
			name = Other;
			sourceTree = "<group>";
		};
		E0744A852AF2115200007455 /* Sounds */ = {
			isa = PBXGroup;
			children = (
				E0FDB23D2AF80C2D0046CC73 /* wind.wav */,
				E0FDB23B2AF80BD20046CC73 /* bass.wav */,
				E0FDB2392AF80BB50046CC73 /* guitar.wav */,
			);
			name = Sounds;
			sourceTree = "<group>";
		};
		E0FDB2242AF7991A0046CC73 /* Player */ = {
			isa = PBXGroup;
			children = (
				E0FDB2252AF799200046CC73 /* AudioPlayer.swift */,
			);
			name = Player;
			sourceTree = "<group>";
		};
		E0FDB22F2AF7C64C0046CC73 /* GradientView */ = {
			isa = PBXGroup;
			children = (
				E068AB252AF6774B000A9458 /* SpeedValueSliderView.swift */,
				E068AB2A2AF6DE89000A9458 /* SoundValueSliderView.swift */,
				E0FDB2222AF798DF0046CC73 /* GradientView.swift */,
			);
			name = GradientView;
			sourceTree = "<group>";
		};
		E0FDB2302AF7C65C0046CC73 /* AudioSettingsView */ = {
			isa = PBXGroup;
			children = (
				E0FDB2272AF79D420046CC73 /* AudioSettingsView.swift */,
				E0FDB2292AF7A38A0046CC73 /* SettingButton.swift */,
				E0FDB22B2AF7AEBB0046CC73 /* LayersButton.swift */,
			);
			name = AudioSettingsView;
			sourceTree = "<group>";
		};
		E0FDB2312AF7C6690046CC73 /* InstrumentsPickerView */ = {
			isa = PBXGroup;
			children = (
				E0FDB22D2AF7C6390046CC73 /* InstrumentsPickerView.swift */,
				E0FDB2322AF7C6BA0046CC73 /* InstrumentButton.swift */,
			);
			name = InstrumentsPickerView;
			sourceTree = "<group>";
		};
		E0FDB2342AF7D5D50046CC73 /* Layers */ = {
			isa = PBXGroup;
			children = (
				E0FDB2352AF7D5DD0046CC73 /* LayerListViewController.swift */,
				E0FDB2372AF7E7E30046CC73 /* TrackCollectionViewCell.swift */,
			);
			name = Layers;
			sourceTree = "<group>";
		};
/* End PBXGroup section */

/* Begin PBXNativeTarget section */
		E0744A602AF1760600007455 /* MusicApp */ = {
			isa = PBXNativeTarget;
			buildConfigurationList = E0744A752AF1760800007455 /* Build configuration list for PBXNativeTarget "MusicApp" */;
			buildPhases = (
				E0744A5D2AF1760600007455 /* Sources */,
				E0744A5E2AF1760600007455 /* Frameworks */,
				E0744A5F2AF1760600007455 /* Resources */,
			);
			buildRules = (
			);
			dependencies = (
			);
			name = MusicApp;
			packageProductDependencies = (
				E0744A7D2AF20EDA00007455 /* SnapKit */,
			);
			productName = MusicApp;
			productReference = E0744A612AF1760600007455 /* MusicApp.app */;
			productType = "com.apple.product-type.application";
		};
/* End PBXNativeTarget section */

/* Begin PBXProject section */
		E0744A592AF1760500007455 /* Project object */ = {
			isa = PBXProject;
			attributes = {
				BuildIndependentTargetsInParallel = 1;
				LastSwiftUpdateCheck = 1430;
				LastUpgradeCheck = 1430;
				TargetAttributes = {
					E0744A602AF1760600007455 = {
						CreatedOnToolsVersion = 14.3.1;
					};
				};
			};
			buildConfigurationList = E0744A5C2AF1760500007455 /* Build configuration list for PBXProject "MusicApp" */;
			compatibilityVersion = "Xcode 14.0";
			developmentRegion = en;
			hasScannedForEncodings = 0;
			knownRegions = (
				en,
				Base,
			);
			mainGroup = E0744A582AF1760500007455;
			packageReferences = (
				E0744A7C2AF20EDA00007455 /* XCRemoteSwiftPackageReference "SnapKit" */,
			);
			productRefGroup = E0744A622AF1760600007455 /* Products */;
			projectDirPath = "";
			projectRoot = "";
			targets = (
				E0744A602AF1760600007455 /* MusicApp */,
			);
		};
/* End PBXProject section */

/* Begin PBXResourcesBuildPhase section */
		E0744A5F2AF1760600007455 /* Resources */ = {
			isa = PBXResourcesBuildPhase;
			buildActionMask = 2147483647;
			files = (
				E0FDB23A2AF80BB50046CC73 /* guitar.wav in Resources */,
				E0FDB23C2AF80BD20046CC73 /* bass.wav in Resources */,
				E0744A712AF1760800007455 /* LaunchScreen.storyboard in Resources */,
				E0FDB23E2AF80C2D0046CC73 /* wind.wav in Resources */,
				E0744A6E2AF1760800007455 /* Assets.xcassets in Resources */,
			);
			runOnlyForDeploymentPostprocessing = 0;
		};
/* End PBXResourcesBuildPhase section */

/* Begin PBXSourcesBuildPhase section */
		E0744A5D2AF1760600007455 /* Sources */ = {
			isa = PBXSourcesBuildPhase;
			buildActionMask = 2147483647;
			files = (
				E068AB232AF669CC000A9458 /* AudioRecorder.swift in Sources */,
				E0FDB2332AF7C6BA0046CC73 /* InstrumentButton.swift in Sources */,
				E0FDB2282AF79D420046CC73 /* AudioSettingsView.swift in Sources */,
				E0744A692AF1760600007455 /* ViewController.swift in Sources */,
				E0FDB2382AF7E7E30046CC73 /* TrackCollectionViewCell.swift in Sources */,
				E068AB2B2AF6DE89000A9458 /* SoundValueSliderView.swift in Sources */,
				E0FDB22A2AF7A38A0046CC73 /* SettingButton.swift in Sources */,
				E068AB262AF6774B000A9458 /* SpeedValueSliderView.swift in Sources */,
				E0744A652AF1760600007455 /* AppDelegate.swift in Sources */,
				E0FDB22E2AF7C6390046CC73 /* InstrumentsPickerView.swift in Sources */,
				E0FDB22C2AF7AEBB0046CC73 /* LayersButton.swift in Sources */,
				E0FDB2362AF7D5DD0046CC73 /* LayerListViewController.swift in Sources */,
				E0FDB2232AF798DF0046CC73 /* GradientView.swift in Sources */,
				E0744A672AF1760600007455 /* SceneDelegate.swift in Sources */,
				E068AB292AF69626000A9458 /* UIView+Extensions.swift in Sources */,
				E0FDB2262AF799200046CC73 /* AudioPlayer.swift in Sources */,
			);
			runOnlyForDeploymentPostprocessing = 0;
		};
/* End PBXSourcesBuildPhase section */

/* Begin PBXVariantGroup section */
		E0744A6F2AF1760800007455 /* LaunchScreen.storyboard */ = {
			isa = PBXVariantGroup;
			children = (
				E0744A702AF1760800007455 /* Base */,
			);
			name = LaunchScreen.storyboard;
			sourceTree = "<group>";
		};
/* End PBXVariantGroup section */

/* Begin XCBuildConfiguration section */
		E0744A732AF1760800007455 /* Debug */ = {
			isa = XCBuildConfiguration;
			buildSettings = {
				ALWAYS_SEARCH_USER_PATHS = NO;
				CLANG_ANALYZER_NONNULL = YES;
				CLANG_ANALYZER_NUMBER_OBJECT_CONVERSION = YES_AGGRESSIVE;
				CLANG_CXX_LANGUAGE_STANDARD = "gnu++20";
				CLANG_ENABLE_MODULES = YES;
				CLANG_ENABLE_OBJC_ARC = YES;
				CLANG_ENABLE_OBJC_WEAK = YES;
				CLANG_WARN_BLOCK_CAPTURE_AUTORELEASING = YES;
				CLANG_WARN_BOOL_CONVERSION = YES;
				CLANG_WARN_COMMA = YES;
				CLANG_WARN_CONSTANT_CONVERSION = YES;
				CLANG_WARN_DEPRECATED_OBJC_IMPLEMENTATIONS = YES;
				CLANG_WARN_DIRECT_OBJC_ISA_USAGE = YES_ERROR;
				CLANG_WARN_DOCUMENTATION_COMMENTS = YES;
				CLANG_WARN_EMPTY_BODY = YES;
				CLANG_WARN_ENUM_CONVERSION = YES;
				CLANG_WARN_INFINITE_RECURSION = YES;
				CLANG_WARN_INT_CONVERSION = YES;
				CLANG_WARN_NON_LITERAL_NULL_CONVERSION = YES;
				CLANG_WARN_OBJC_IMPLICIT_RETAIN_SELF = YES;
				CLANG_WARN_OBJC_LITERAL_CONVERSION = YES;
				CLANG_WARN_OBJC_ROOT_CLASS = YES_ERROR;
				CLANG_WARN_QUOTED_INCLUDE_IN_FRAMEWORK_HEADER = YES;
				CLANG_WARN_RANGE_LOOP_ANALYSIS = YES;
				CLANG_WARN_STRICT_PROTOTYPES = YES;
				CLANG_WARN_SUSPICIOUS_MOVE = YES;
				CLANG_WARN_UNGUARDED_AVAILABILITY = YES_AGGRESSIVE;
				CLANG_WARN_UNREACHABLE_CODE = YES;
				CLANG_WARN__DUPLICATE_METHOD_MATCH = YES;
				COPY_PHASE_STRIP = NO;
				DEBUG_INFORMATION_FORMAT = dwarf;
				ENABLE_STRICT_OBJC_MSGSEND = YES;
				ENABLE_TESTABILITY = YES;
				GCC_C_LANGUAGE_STANDARD = gnu11;
				GCC_DYNAMIC_NO_PIC = NO;
				GCC_NO_COMMON_BLOCKS = YES;
				GCC_OPTIMIZATION_LEVEL = 0;
				GCC_PREPROCESSOR_DEFINITIONS = (
					"DEBUG=1",
					"$(inherited)",
				);
				GCC_WARN_64_TO_32_BIT_CONVERSION = YES;
				GCC_WARN_ABOUT_RETURN_TYPE = YES_ERROR;
				GCC_WARN_UNDECLARED_SELECTOR = YES;
				GCC_WARN_UNINITIALIZED_AUTOS = YES_AGGRESSIVE;
				GCC_WARN_UNUSED_FUNCTION = YES;
				GCC_WARN_UNUSED_VARIABLE = YES;
				IPHONEOS_DEPLOYMENT_TARGET = 16.4;
				MTL_ENABLE_DEBUG_INFO = INCLUDE_SOURCE;
				MTL_FAST_MATH = YES;
				ONLY_ACTIVE_ARCH = YES;
				SDKROOT = iphoneos;
				SWIFT_ACTIVE_COMPILATION_CONDITIONS = DEBUG;
				SWIFT_OPTIMIZATION_LEVEL = "-Onone";
			};
			name = Debug;
		};
		E0744A742AF1760800007455 /* Release */ = {
			isa = XCBuildConfiguration;
			buildSettings = {
				ALWAYS_SEARCH_USER_PATHS = NO;
				CLANG_ANALYZER_NONNULL = YES;
				CLANG_ANALYZER_NUMBER_OBJECT_CONVERSION = YES_AGGRESSIVE;
				CLANG_CXX_LANGUAGE_STANDARD = "gnu++20";
				CLANG_ENABLE_MODULES = YES;
				CLANG_ENABLE_OBJC_ARC = YES;
				CLANG_ENABLE_OBJC_WEAK = YES;
				CLANG_WARN_BLOCK_CAPTURE_AUTORELEASING = YES;
				CLANG_WARN_BOOL_CONVERSION = YES;
				CLANG_WARN_COMMA = YES;
				CLANG_WARN_CONSTANT_CONVERSION = YES;
				CLANG_WARN_DEPRECATED_OBJC_IMPLEMENTATIONS = YES;
				CLANG_WARN_DIRECT_OBJC_ISA_USAGE = YES_ERROR;
				CLANG_WARN_DOCUMENTATION_COMMENTS = YES;
				CLANG_WARN_EMPTY_BODY = YES;
				CLANG_WARN_ENUM_CONVERSION = YES;
				CLANG_WARN_INFINITE_RECURSION = YES;
				CLANG_WARN_INT_CONVERSION = YES;
				CLANG_WARN_NON_LITERAL_NULL_CONVERSION = YES;
				CLANG_WARN_OBJC_IMPLICIT_RETAIN_SELF = YES;
				CLANG_WARN_OBJC_LITERAL_CONVERSION = YES;
				CLANG_WARN_OBJC_ROOT_CLASS = YES_ERROR;
				CLANG_WARN_QUOTED_INCLUDE_IN_FRAMEWORK_HEADER = YES;
				CLANG_WARN_RANGE_LOOP_ANALYSIS = YES;
				CLANG_WARN_STRICT_PROTOTYPES = YES;
				CLANG_WARN_SUSPICIOUS_MOVE = YES;
				CLANG_WARN_UNGUARDED_AVAILABILITY = YES_AGGRESSIVE;
				CLANG_WARN_UNREACHABLE_CODE = YES;
				CLANG_WARN__DUPLICATE_METHOD_MATCH = YES;
				COPY_PHASE_STRIP = NO;
				DEBUG_INFORMATION_FORMAT = "dwarf-with-dsym";
				ENABLE_NS_ASSERTIONS = NO;
				ENABLE_STRICT_OBJC_MSGSEND = YES;
				GCC_C_LANGUAGE_STANDARD = gnu11;
				GCC_NO_COMMON_BLOCKS = YES;
				GCC_WARN_64_TO_32_BIT_CONVERSION = YES;
				GCC_WARN_ABOUT_RETURN_TYPE = YES_ERROR;
				GCC_WARN_UNDECLARED_SELECTOR = YES;
				GCC_WARN_UNINITIALIZED_AUTOS = YES_AGGRESSIVE;
				GCC_WARN_UNUSED_FUNCTION = YES;
				GCC_WARN_UNUSED_VARIABLE = YES;
				IPHONEOS_DEPLOYMENT_TARGET = 16.4;
				MTL_ENABLE_DEBUG_INFO = NO;
				MTL_FAST_MATH = YES;
				SDKROOT = iphoneos;
				SWIFT_COMPILATION_MODE = wholemodule;
				SWIFT_OPTIMIZATION_LEVEL = "-O";
				VALIDATE_PRODUCT = YES;
			};
			name = Release;
		};
		E0744A762AF1760800007455 /* Debug */ = {
			isa = XCBuildConfiguration;
			buildSettings = {
				ASSETCATALOG_COMPILER_APPICON_NAME = AppIcon;
				ASSETCATALOG_COMPILER_GLOBAL_ACCENT_COLOR_NAME = AccentColor;
				CODE_SIGN_STYLE = Automatic;
				CURRENT_PROJECT_VERSION = 1;
				DEVELOPMENT_TEAM = 64NQMH699U;
				GENERATE_INFOPLIST_FILE = YES;
				INFOPLIST_FILE = MusicApp/Info.plist;
				INFOPLIST_KEY_NSMicrophoneUsageDescription = "Please give access to allow you to record into the mic.";
				INFOPLIST_KEY_UIApplicationSupportsIndirectInputEvents = YES;
				INFOPLIST_KEY_UILaunchStoryboardName = LaunchScreen;
				INFOPLIST_KEY_UISupportedInterfaceOrientations_iPad = "UIInterfaceOrientationPortrait UIInterfaceOrientationPortraitUpsideDown UIInterfaceOrientationLandscapeLeft UIInterfaceOrientationLandscapeRight";
				INFOPLIST_KEY_UISupportedInterfaceOrientations_iPhone = "UIInterfaceOrientationPortrait UIInterfaceOrientationLandscapeLeft UIInterfaceOrientationLandscapeRight";
				IPHONEOS_DEPLOYMENT_TARGET = 16.0;
				LD_RUNPATH_SEARCH_PATHS = (
					"$(inherited)",
					"@executable_path/Frameworks",
				);
				MARKETING_VERSION = 1.0;
				PRODUCT_BUNDLE_IDENTIFIER = com.Music00;
				PRODUCT_NAME = "$(TARGET_NAME)";
				SWIFT_EMIT_LOC_STRINGS = YES;
				SWIFT_VERSION = 5.0;
				TARGETED_DEVICE_FAMILY = "1,2";
			};
			name = Debug;
		};
		E0744A772AF1760800007455 /* Release */ = {
			isa = XCBuildConfiguration;
			buildSettings = {
				ASSETCATALOG_COMPILER_APPICON_NAME = AppIcon;
				ASSETCATALOG_COMPILER_GLOBAL_ACCENT_COLOR_NAME = AccentColor;
				CODE_SIGN_STYLE = Automatic;
				CURRENT_PROJECT_VERSION = 1;
				DEVELOPMENT_TEAM = 64NQMH699U;
				GENERATE_INFOPLIST_FILE = YES;
				INFOPLIST_FILE = MusicApp/Info.plist;
				INFOPLIST_KEY_NSMicrophoneUsageDescription = "Please give access to allow you to record into the mic.";
				INFOPLIST_KEY_UIApplicationSupportsIndirectInputEvents = YES;
				INFOPLIST_KEY_UILaunchStoryboardName = LaunchScreen;
				INFOPLIST_KEY_UISupportedInterfaceOrientations_iPad = "UIInterfaceOrientationPortrait UIInterfaceOrientationPortraitUpsideDown UIInterfaceOrientationLandscapeLeft UIInterfaceOrientationLandscapeRight";
				INFOPLIST_KEY_UISupportedInterfaceOrientations_iPhone = "UIInterfaceOrientationPortrait UIInterfaceOrientationLandscapeLeft UIInterfaceOrientationLandscapeRight";
				IPHONEOS_DEPLOYMENT_TARGET = 16.0;
				LD_RUNPATH_SEARCH_PATHS = (
					"$(inherited)",
					"@executable_path/Frameworks",
				);
				MARKETING_VERSION = 1.0;
				PRODUCT_BUNDLE_IDENTIFIER = com.Music00;
				PRODUCT_NAME = "$(TARGET_NAME)";
				SWIFT_EMIT_LOC_STRINGS = YES;
				SWIFT_VERSION = 5.0;
				TARGETED_DEVICE_FAMILY = "1,2";
			};
			name = Release;
		};
/* End XCBuildConfiguration section */

/* Begin XCConfigurationList section */
		E0744A5C2AF1760500007455 /* Build configuration list for PBXProject "MusicApp" */ = {
			isa = XCConfigurationList;
			buildConfigurations = (
				E0744A732AF1760800007455 /* Debug */,
				E0744A742AF1760800007455 /* Release */,
			);
			defaultConfigurationIsVisible = 0;
			defaultConfigurationName = Release;
		};
		E0744A752AF1760800007455 /* Build configuration list for PBXNativeTarget "MusicApp" */ = {
			isa = XCConfigurationList;
			buildConfigurations = (
				E0744A762AF1760800007455 /* Debug */,
				E0744A772AF1760800007455 /* Release */,
			);
			defaultConfigurationIsVisible = 0;
			defaultConfigurationName = Release;
		};
/* End XCConfigurationList section */

/* Begin XCRemoteSwiftPackageReference section */
		E0744A7C2AF20EDA00007455 /* XCRemoteSwiftPackageReference "SnapKit" */ = {
			isa = XCRemoteSwiftPackageReference;
			repositoryURL = "https://github.com/SnapKit/SnapKit";
			requirement = {
				kind = upToNextMajorVersion;
				minimumVersion = 5.0.0;
			};
		};
/* End XCRemoteSwiftPackageReference section */

/* Begin XCSwiftPackageProductDependency section */
		E0744A7D2AF20EDA00007455 /* SnapKit */ = {
			isa = XCSwiftPackageProductDependency;
			package = E0744A7C2AF20EDA00007455 /* XCRemoteSwiftPackageReference "SnapKit" */;
			productName = SnapKit;
		};
/* End XCSwiftPackageProductDependency section */
	};
	rootObject = E0744A592AF1760500007455 /* Project object */;
}
